
Microsoft Visual Studio Solution File, Format Version 12.00
# Visual Studio Version 16
VisualStudioVersion = 16.0.30330.147
MinimumVisualStudioVersion = 10.0.40219.1
Project("{FAE04EC0-301F-11D3-BF4B-00C04F79EFBC}") = "PracticeCode", "PracticeCode.csproj", "{BC12E69B-3253-4C78-8FE5-4CFA1BD073B0}"
EndProject
Project("{FAE04EC0-301F-11D3-BF4B-00C04F79EFBC}") = "TestLib", "TestLib\TestLib.csproj", "{FFA6513C-10D3-47EB-AAE6-6B3683308120}"
EndProject
Global
	GlobalSection(SolutionConfigurationPlatforms) = preSolution
		Debug|Any CPU = Debug|Any CPU
		Release|Any CPU = Release|Any CPU
	EndGlobalSection
	GlobalSection(ProjectConfigurationPlatforms) = postSolution
		{BC12E69B-3253-4C78-8FE5-4CFA1BD073B0}.Debug|Any CPU.ActiveCfg = Debug|Any CPU
		{BC12E69B-3253-4C78-8FE5-4CFA1BD073B0}.Debug|Any CPU.Build.0 = Debug|Any CPU
		{BC12E69B-3253-4C78-8FE5-4CFA1BD073B0}.Release|Any CPU.ActiveCfg = Release|Any CPU
		{BC12E69B-3253-4C78-8FE5-4CFA1BD073B0}.Release|Any CPU.Build.0 = Release|Any CPU
		{FFA6513C-10D3-47EB-AAE6-6B3683308120}.Debug|Any CPU.ActiveCfg = Debug|Any CPU
		{FFA6513C-10D3-47EB-AAE6-6B3683308120}.Debug|Any CPU.Build.0 = Debug|Any CPU
		{FFA6513C-10D3-47EB-AAE6-6B3683308120}.Release|Any CPU.ActiveCfg = Release|Any CPU
		{FFA6513C-10D3-47EB-AAE6-6B3683308120}.Release|Any CPU.Build.0 = Release|Any CPU
	EndGlobalSection
	GlobalSection(SolutionProperties) = preSolution
		HideSolutionNode = FALSE
	EndGlobalSection
	GlobalSection(ExtensibilityGlobals) = postSolution
		SolutionGuid = {FE9A54F8-7097-47C3-8BBF-B2375A8A7BB0}
	EndGlobalSection
EndGlobal
